
Microsoft Visual Studio Solution File, Format Version 12.00
# Visual Studio 2013
VisualStudioVersion = 12.0.0.0
MinimumVisualStudioVersion = 10.0.0.1
Project("{FAE04EC0-301F-11D3-BF4B-00C04F79EFBC}") = "src", "src/Swashbuckle.SchemaExtensions.Core.csproj", "{5C1F7142-3EA3-487F-AD4E-8E301210058E}"
EndProject
Project("{FAE04EC0-301F-11D3-BF4B-00C04F79EFBC}") = "test", "test/Swashbuckle.SchemaExtensions.Core.Tests.csproj", "{4C62A346-1337-4BFE-9447-1E3CEBC7BDBE}"
EndProject
Global
	GlobalSection(SolutionConfigurationPlatforms) = preSolution
		Debug|Any CPU = Debug|Any CPU
		Release|Any CPU = Release|Any CPU
	EndGlobalSection
	GlobalSection(ProjectConfigurationPlatforms) = postSolution
		{5C1F7142-3EA3-487F-AD4E-8E301210058E}.Debug|Any CPU.ActiveCfg = Debug|Any CPU
		{5C1F7142-3EA3-487F-AD4E-8E301210058E}.Debug|Any CPU.Build.0 = Debug|Any CPU
		{5C1F7142-3EA3-487F-AD4E-8E301210058E}.Release|Any CPU.ActiveCfg = Release|Any CPU
		{5C1F7142-3EA3-487F-AD4E-8E301210058E}.Release|Any CPU.Build.0 = Release|Any CPU
		{4C62A346-1337-4BFE-9447-1E3CEBC7BDBE}.Debug|Any CPU.ActiveCfg = Debug|Any CPU
		{4C62A346-1337-4BFE-9447-1E3CEBC7BDBE}.Debug|Any CPU.Build.0 = Debug|Any CPU
		{4C62A346-1337-4BFE-9447-1E3CEBC7BDBE}.Release|Any CPU.ActiveCfg = Release|Any CPU
		{4C62A346-1337-4BFE-9447-1E3CEBC7BDBE}.Release|Any CPU.Build.0 = Release|Any CPU
	EndGlobalSection
	GlobalSection(SolutionProperties) = preSolution
		HideSolutionNode = FALSE
	EndGlobalSection
EndGlobal
